
Microsoft Visual Studio Solution File, Format Version 12.00
# Visual Studio Version 16
VisualStudioVersion = 16.0.31605.320
MinimumVisualStudioVersion = 10.0.40219.1
Project("{FAE04EC0-301F-11D3-BF4B-00C04F79EFBC}") = "StructuredLoggerDemo", "StructuredLoggerDemo\StructuredLoggerDemo.csproj", "{E162D155-435B-4BDD-ABF6-AF116D57CAC5}"
EndProject
Global
	GlobalSection(SolutionConfigurationPlatforms) = preSolution
		Debug|Any CPU = Debug|Any CPU
		Release|Any CPU = Release|Any CPU
	EndGlobalSection
	GlobalSection(ProjectConfigurationPlatforms) = postSolution
		{E162D155-435B-4BDD-ABF6-AF116D57CAC5}.Debug|Any CPU.ActiveCfg = Debug|Any CPU
		{E162D155-435B-4BDD-ABF6-AF116D57CAC5}.Debug|Any CPU.Build.0 = Debug|Any CPU
		{E162D155-435B-4BDD-ABF6-AF116D57CAC5}.Release|Any CPU.ActiveCfg = Release|Any CPU
		{E162D155-435B-4BDD-ABF6-AF116D57CAC5}.Release|Any CPU.Build.0 = Release|Any CPU
	EndGlobalSection
	GlobalSection(SolutionProperties) = preSolution
		HideSolutionNode = FALSE
	EndGlobalSection
	GlobalSection(ExtensibilityGlobals) = postSolution
		SolutionGuid = {6DC46788-E6C7-4395-869E-6AE1AFFBB041}
	EndGlobalSection
EndGlobal
